// !$*UTF8*$!
{
	archiveVersion = 1;
	classes = {
	};
	objectVersion = 55;
	objects = {

/* Begin PBXBuildFile section */
		6BA243F6273D0B3B00B1C694 /* AppDelegate.m in Sources */ = {isa = PBXBuildFile; fileRef = 6BA243F5273D0B3B00B1C694 /* AppDelegate.m */; };
		6BA243F9273D0B3B00B1C694 /* SceneDelegate.m in Sources */ = {isa = PBXBuildFile; fileRef = 6BA243F8273D0B3B00B1C694 /* SceneDelegate.m */; };
		6BA243FC273D0B3B00B1C694 /* ViewController.m in Sources */ = {isa = PBXBuildFile; fileRef = 6BA243FB273D0B3B00B1C694 /* ViewController.m */; };
		6BA243FF273D0B3B00B1C694 /* Main.storyboard in Resources */ = {isa = PBXBuildFile; fileRef = 6BA243FD273D0B3B00B1C694 /* Main.storyboard */; };
		6BA24401273D0B3D00B1C694 /* Assets.xcassets in Resources */ = {isa = PBXBuildFile; fileRef = 6BA24400273D0B3D00B1C694 /* Assets.xcassets */; };
		6BA24404273D0B3D00B1C694 /* LaunchScreen.storyboard in Resources */ = {isa = PBXBuildFile; fileRef = 6BA24402273D0B3D00B1C694 /* LaunchScreen.storyboard */; };
		6BA24407273D0B3D00B1C694 /* main.m in Sources */ = {isa = PBXBuildFile; fileRef = 6BA24406273D0B3D00B1C694 /* main.m */; };
		6BA24411273D0B3D00B1C694 /* MyPodTests.m in Sources */ = {isa = PBXBuildFile; fileRef = 6BA24410273D0B3D00B1C694 /* MyPodTests.m */; };
		6BA2441B273D0B3D00B1C694 /* MyPodUITests.m in Sources */ = {isa = PBXBuildFile; fileRef = 6BA2441A273D0B3D00B1C694 /* MyPodUITests.m */; };
		6BA2441D273D0B3D00B1C694 /* MyPodUITestsLaunchTests.m in Sources */ = {isa = PBXBuildFile; fileRef = 6BA2441C273D0B3D00B1C694 /* MyPodUITestsLaunchTests.m */; };
		6BA2442B273DF72E00B1C694 /* Test.m in Sources */ = {isa = PBXBuildFile; fileRef = 6BA2442A273DF72E00B1C694 /* Test.m */; };
		6BA2442F273DF77400B1C694 /* TestModel.m in Sources */ = {isa = PBXBuildFile; fileRef = 6BA2442E273DF77400B1C694 /* TestModel.m */; };
/* End PBXBuildFile section */

/* Begin PBXContainerItemProxy section */
		6BA2440D273D0B3D00B1C694 /* PBXContainerItemProxy */ = {
			isa = PBXContainerItemProxy;
			containerPortal = 6BA243E9273D0B3B00B1C694 /* Project object */;
			proxyType = 1;
			remoteGlobalIDString = 6BA243F0273D0B3B00B1C694;
			remoteInfo = MyPod;
		};
		6BA24417273D0B3D00B1C694 /* PBXContainerItemProxy */ = {
			isa = PBXContainerItemProxy;
			containerPortal = 6BA243E9273D0B3B00B1C694 /* Project object */;
			proxyType = 1;
			remoteGlobalIDString = 6BA243F0273D0B3B00B1C694;
			remoteInfo = MyPod;
		};
/* End PBXContainerItemProxy section */

/* Begin PBXFileReference section */
		6BA243F1273D0B3B00B1C694 /* MyPod.app */ = {isa = PBXFileReference; explicitFileType = wrapper.application; includeInIndex = 0; path = MyPod.app; sourceTree = BUILT_PRODUCTS_DIR; };
		6BA243F4273D0B3B00B1C694 /* AppDelegate.h */ = {isa = PBXFileReference; lastKnownFileType = sourcecode.c.h; path = AppDelegate.h; sourceTree = "<group>"; };
		6BA243F5273D0B3B00B1C694 /* AppDelegate.m */ = {isa = PBXFileReference; lastKnownFileType = sourcecode.c.objc; path = AppDelegate.m; sourceTree = "<group>"; };
		6BA243F7273D0B3B00B1C694 /* SceneDelegate.h */ = {isa = PBXFileReference; lastKnownFileType = sourcecode.c.h; path = SceneDelegate.h; sourceTree = "<group>"; };
		6BA243F8273D0B3B00B1C694 /* SceneDelegate.m */ = {isa = PBXFileReference; lastKnownFileType = sourcecode.c.objc; path = SceneDelegate.m; sourceTree = "<group>"; };
		6BA243FA273D0B3B00B1C694 /* ViewController.h */ = {isa = PBXFileReference; lastKnownFileType = sourcecode.c.h; path = ViewController.h; sourceTree = "<group>"; };
		6BA243FB273D0B3B00B1C694 /* ViewController.m */ = {isa = PBXFileReference; lastKnownFileType = sourcecode.c.objc; path = ViewController.m; sourceTree = "<group>"; };
		6BA243FE273D0B3B00B1C694 /* Base */ = {isa = PBXFileReference; lastKnownFileType = file.storyboard; name = Base; path = Base.lproj/Main.storyboard; sourceTree = "<group>"; };
		6BA24400273D0B3D00B1C694 /* Assets.xcassets */ = {isa = PBXFileReference; lastKnownFileType = folder.assetcatalog; path = Assets.xcassets; sourceTree = "<group>"; };
		6BA24403273D0B3D00B1C694 /* Base */ = {isa = PBXFileReference; lastKnownFileType = file.storyboard; name = Base; path = Base.lproj/LaunchScreen.storyboard; sourceTree = "<group>"; };
		6BA24405273D0B3D00B1C694 /* Info.plist */ = {isa = PBXFileReference; lastKnownFileType = text.plist.xml; path = Info.plist; sourceTree = "<group>"; };
		6BA24406273D0B3D00B1C694 /* main.m */ = {isa = PBXFileReference; lastKnownFileType = sourcecode.c.objc; path = main.m; sourceTree = "<group>"; };
		6BA2440C273D0B3D00B1C694 /* MyPodTests.xctest */ = {isa = PBXFileReference; explicitFileType = wrapper.cfbundle; includeInIndex = 0; path = MyPodTests.xctest; sourceTree = BUILT_PRODUCTS_DIR; };
		6BA24410273D0B3D00B1C694 /* MyPodTests.m */ = {isa = PBXFileReference; lastKnownFileType = sourcecode.c.objc; path = MyPodTests.m; sourceTree = "<group>"; };
		6BA24416273D0B3D00B1C694 /* MyPodUITests.xctest */ = {isa = PBXFileReference; explicitFileType = wrapper.cfbundle; includeInIndex = 0; path = MyPodUITests.xctest; sourceTree = BUILT_PRODUCTS_DIR; };
		6BA2441A273D0B3D00B1C694 /* MyPodUITests.m */ = {isa = PBXFileReference; lastKnownFileType = sourcecode.c.objc; path = MyPodUITests.m; sourceTree = "<group>"; };
		6BA2441C273D0B3D00B1C694 /* MyPodUITestsLaunchTests.m */ = {isa = PBXFileReference; lastKnownFileType = sourcecode.c.objc; path = MyPodUITestsLaunchTests.m; sourceTree = "<group>"; };
		6BA24429273DF72E00B1C694 /* Test.h */ = {isa = PBXFileReference; lastKnownFileType = sourcecode.c.h; path = Test.h; sourceTree = "<group>"; };
		6BA2442A273DF72E00B1C694 /* Test.m */ = {isa = PBXFileReference; lastKnownFileType = sourcecode.c.objc; path = Test.m; sourceTree = "<group>"; };
		6BA2442D273DF77400B1C694 /* TestModel.h */ = {isa = PBXFileReference; lastKnownFileType = sourcecode.c.h; path = TestModel.h; sourceTree = "<group>"; };
		6BA2442E273DF77400B1C694 /* TestModel.m */ = {isa = PBXFileReference; lastKnownFileType = sourcecode.c.objc; path = TestModel.m; sourceTree = "<group>"; };
/* End PBXFileReference section */

/* Begin PBXFrameworksBuildPhase section */
		6BA243EE273D0B3B00B1C694 /* Frameworks */ = {
			isa = PBXFrameworksBuildPhase;
			buildActionMask = 2147483647;
			files = (
			);
			runOnlyForDeploymentPostprocessing = 0;
		};
		6BA24409273D0B3D00B1C694 /* Frameworks */ = {
			isa = PBXFrameworksBuildPhase;
			buildActionMask = 2147483647;
			files = (
			);
			runOnlyForDeploymentPostprocessing = 0;
		};
		6BA24413273D0B3D00B1C694 /* Frameworks */ = {
			isa = PBXFrameworksBuildPhase;
			buildActionMask = 2147483647;
			files = (
			);
			runOnlyForDeploymentPostprocessing = 0;
		};
/* End PBXFrameworksBuildPhase section */

/* Begin PBXGroup section */
		6BA243E8273D0B3B00B1C694 = {
			isa = PBXGroup;
			children = (
				6BA243F3273D0B3B00B1C694 /* MyPod */,
				6BA2440F273D0B3D00B1C694 /* MyPodTests */,
				6BA24419273D0B3D00B1C694 /* MyPodUITests */,
				6BA243F2273D0B3B00B1C694 /* Products */,
			);
			sourceTree = "<group>";
		};
		6BA243F2273D0B3B00B1C694 /* Products */ = {
			isa = PBXGroup;
			children = (
				6BA243F1273D0B3B00B1C694 /* MyPod.app */,
				6BA2440C273D0B3D00B1C694 /* MyPodTests.xctest */,
				6BA24416273D0B3D00B1C694 /* MyPodUITests.xctest */,
			);
			name = Products;
			sourceTree = "<group>";
		};
		6BA243F3273D0B3B00B1C694 /* MyPod */ = {
			isa = PBXGroup;
			children = (
				6BA2442C273DF73700B1C694 /* Code */,
				6BA243F4273D0B3B00B1C694 /* AppDelegate.h */,
				6BA243F5273D0B3B00B1C694 /* AppDelegate.m */,
				6BA243F7273D0B3B00B1C694 /* SceneDelegate.h */,
				6BA243F8273D0B3B00B1C694 /* SceneDelegate.m */,
				6BA243FA273D0B3B00B1C694 /* ViewController.h */,
				6BA243FB273D0B3B00B1C694 /* ViewController.m */,
				6BA243FD273D0B3B00B1C694 /* Main.storyboard */,
				6BA24400273D0B3D00B1C694 /* Assets.xcassets */,
				6BA24402273D0B3D00B1C694 /* LaunchScreen.storyboard */,
				6BA24405273D0B3D00B1C694 /* Info.plist */,
				6BA24406273D0B3D00B1C694 /* main.m */,
				6BA24429273DF72E00B1C694 /* Test.h */,
				6BA2442A273DF72E00B1C694 /* Test.m */,
			);
			path = MyPod;
			sourceTree = "<group>";
		};
		6BA2440F273D0B3D00B1C694 /* MyPodTests */ = {
			isa = PBXGroup;
			children = (
				6BA24410273D0B3D00B1C694 /* MyPodTests.m */,
			);
			path = MyPodTests;
			sourceTree = "<group>";
		};
		6BA24419273D0B3D00B1C694 /* MyPodUITests */ = {
			isa = PBXGroup;
			children = (
				6BA2441A273D0B3D00B1C694 /* MyPodUITests.m */,
				6BA2441C273D0B3D00B1C694 /* MyPodUITestsLaunchTests.m */,
			);
			path = MyPodUITests;
			sourceTree = "<group>";
		};
		6BA2442C273DF73700B1C694 /* Code */ = {
			isa = PBXGroup;
			children = (
				6BA2442D273DF77400B1C694 /* TestModel.h */,
				6BA2442E273DF77400B1C694 /* TestModel.m */,
			);
			path = Code;
			sourceTree = "<group>";
		};
/* End PBXGroup section */

/* Begin PBXNativeTarget section */
		6BA243F0273D0B3B00B1C694 /* MyPod */ = {
			isa = PBXNativeTarget;
			buildConfigurationList = 6BA24420273D0B3D00B1C694 /* Build configuration list for PBXNativeTarget "MyPod" */;
			buildPhases = (
				6BA243ED273D0B3B00B1C694 /* Sources */,
				6BA243EE273D0B3B00B1C694 /* Frameworks */,
				6BA243EF273D0B3B00B1C694 /* Resources */,
			);
			buildRules = (
			);
			dependencies = (
			);
			name = MyPod;
			productName = MyPod;
			productReference = 6BA243F1273D0B3B00B1C694 /* MyPod.app */;
			productType = "com.apple.product-type.application";
		};
		6BA2440B273D0B3D00B1C694 /* MyPodTests */ = {
			isa = PBXNativeTarget;
			buildConfigurationList = 6BA24423273D0B3D00B1C694 /* Build configuration list for PBXNativeTarget "MyPodTests" */;
			buildPhases = (
				6BA24408273D0B3D00B1C694 /* Sources */,
				6BA24409273D0B3D00B1C694 /* Frameworks */,
				6BA2440A273D0B3D00B1C694 /* Resources */,
			);
			buildRules = (
			);
			dependencies = (
				6BA2440E273D0B3D00B1C694 /* PBXTargetDependency */,
			);
			name = MyPodTests;
			productName = MyPodTests;
			productReference = 6BA2440C273D0B3D00B1C694 /* MyPodTests.xctest */;
			productType = "com.apple.product-type.bundle.unit-test";
		};
		6BA24415273D0B3D00B1C694 /* MyPodUITests */ = {
			isa = PBXNativeTarget;
			buildConfigurationList = 6BA24426273D0B3D00B1C694 /* Build configuration list for PBXNativeTarget "MyPodUITests" */;
			buildPhases = (
				6BA24412273D0B3D00B1C694 /* Sources */,
				6BA24413273D0B3D00B1C694 /* Frameworks */,
				6BA24414273D0B3D00B1C694 /* Resources */,
			);
			buildRules = (
			);
			dependencies = (
				6BA24418273D0B3D00B1C694 /* PBXTargetDependency */,
			);
			name = MyPodUITests;
			productName = MyPodUITests;
			productReference = 6BA24416273D0B3D00B1C694 /* MyPodUITests.xctest */;
			productType = "com.apple.product-type.bundle.ui-testing";
		};
/* End PBXNativeTarget section */

/* Begin PBXProject section */
		6BA243E9273D0B3B00B1C694 /* Project object */ = {
			isa = PBXProject;
			attributes = {
				BuildIndependentTargetsInParallel = 1;
				LastUpgradeCheck = 1310;
				TargetAttributes = {
					6BA243F0273D0B3B00B1C694 = {
						CreatedOnToolsVersion = 13.1;
					};
					6BA2440B273D0B3D00B1C694 = {
						CreatedOnToolsVersion = 13.1;
						TestTargetID = 6BA243F0273D0B3B00B1C694;
					};
					6BA24415273D0B3D00B1C694 = {
						CreatedOnToolsVersion = 13.1;
						TestTargetID = 6BA243F0273D0B3B00B1C694;
					};
				};
			};
			buildConfigurationList = 6BA243EC273D0B3B00B1C694 /* Build configuration list for PBXProject "MyPod" */;
			compatibilityVersion = "Xcode 13.0";
			developmentRegion = en;
			hasScannedForEncodings = 0;
			knownRegions = (
				en,
				Base,
			);
			mainGroup = 6BA243E8273D0B3B00B1C694;
			productRefGroup = 6BA243F2273D0B3B00B1C694 /* Products */;
			projectDirPath = "";
			projectRoot = "";
			targets = (
				6BA243F0273D0B3B00B1C694 /* MyPod */,
				6BA2440B273D0B3D00B1C694 /* MyPodTests */,
				6BA24415273D0B3D00B1C694 /* MyPodUITests */,
			);
		};
/* End PBXProject section */

/* Begin PBXResourcesBuildPhase section */
		6BA243EF273D0B3B00B1C694 /* Resources */ = {
			isa = PBXResourcesBuildPhase;
			buildActionMask = 2147483647;
			files = (
				6BA24404273D0B3D00B1C694 /* LaunchScreen.storyboard in Resources */,
				6BA24401273D0B3D00B1C694 /* Assets.xcassets in Resources */,
				6BA243FF273D0B3B00B1C694 /* Main.storyboard in Resources */,
			);
			runOnlyForDeploymentPostprocessing = 0;
		};
		6BA2440A273D0B3D00B1C694 /* Resources */ = {
			isa = PBXResourcesBuildPhase;
			buildActionMask = 2147483647;
			files = (
			);
			runOnlyForDeploymentPostprocessing = 0;
		};
		6BA24414273D0B3D00B1C694 /* Resources */ = {
			isa = PBXResourcesBuildPhase;
			buildActionMask = 2147483647;
			files = (
			);
			runOnlyForDeploymentPostprocessing = 0;
		};
/* End PBXResourcesBuildPhase section */

/* Begin PBXSourcesBuildPhase section */
		6BA243ED273D0B3B00B1C694 /* Sources */ = {
			isa = PBXSourcesBuildPhase;
			buildActionMask = 2147483647;
			files = (
				6BA2442B273DF72E00B1C694 /* Test.m in Sources */,
				6BA243FC273D0B3B00B1C694 /* ViewController.m in Sources */,
				6BA243F6273D0B3B00B1C694 /* AppDelegate.m in Sources */,
				6BA2442F273DF77400B1C694 /* TestModel.m in Sources */,
				6BA24407273D0B3D00B1C694 /* main.m in Sources */,
				6BA243F9273D0B3B00B1C694 /* SceneDelegate.m in Sources */,
			);
			runOnlyForDeploymentPostprocessing = 0;
		};
		6BA24408273D0B3D00B1C694 /* Sources */ = {
			isa = PBXSourcesBuildPhase;
			buildActionMask = 2147483647;
			files = (
				6BA24411273D0B3D00B1C694 /* MyPodTests.m in Sources */,
			);
			runOnlyForDeploymentPostprocessing = 0;
		};
		6BA24412273D0B3D00B1C694 /* Sources */ = {
			isa = PBXSourcesBuildPhase;
			buildActionMask = 2147483647;
			files = (
				6BA2441D273D0B3D00B1C694 /* MyPodUITestsLaunchTests.m in Sources */,
				6BA2441B273D0B3D00B1C694 /* MyPodUITests.m in Sources */,
			);
			runOnlyForDeploymentPostprocessing = 0;
		};
/* End PBXSourcesBuildPhase section */

/* Begin PBXTargetDependency section */
		6BA2440E273D0B3D00B1C694 /* PBXTargetDependency */ = {
			isa = PBXTargetDependency;
			target = 6BA243F0273D0B3B00B1C694 /* MyPod */;
			targetProxy = 6BA2440D273D0B3D00B1C694 /* PBXContainerItemProxy */;
		};
		6BA24418273D0B3D00B1C694 /* PBXTargetDependency */ = {
			isa = PBXTargetDependency;
			target = 6BA243F0273D0B3B00B1C694 /* MyPod */;
			targetProxy = 6BA24417273D0B3D00B1C694 /* PBXContainerItemProxy */;
		};
/* End PBXTargetDependency section */

/* Begin PBXVariantGroup section */
		6BA243FD273D0B3B00B1C694 /* Main.storyboard */ = {
			isa = PBXVariantGroup;
			children = (
				6BA243FE273D0B3B00B1C694 /* Base */,
			);
			name = Main.storyboard;
			sourceTree = "<group>";
		};
		6BA24402273D0B3D00B1C694 /* LaunchScreen.storyboard */ = {
			isa = PBXVariantGroup;
			children = (
				6BA24403273D0B3D00B1C694 /* Base */,
			);
			name = LaunchScreen.storyboard;
			sourceTree = "<group>";
		};
/* End PBXVariantGroup section */

/* Begin XCBuildConfiguration section */
		6BA2441E273D0B3D00B1C694 /* Debug */ = {
			isa = XCBuildConfiguration;
			buildSettings = {
				ALWAYS_SEARCH_USER_PATHS = NO;
				CLANG_ANALYZER_NONNULL = YES;
				CLANG_ANALYZER_NUMBER_OBJECT_CONVERSION = YES_AGGRESSIVE;
				CLANG_CXX_LANGUAGE_STANDARD = "gnu++17";
				CLANG_CXX_LIBRARY = "libc++";
				CLANG_ENABLE_MODULES = YES;
				CLANG_ENABLE_OBJC_ARC = YES;
				CLANG_ENABLE_OBJC_WEAK = YES;
				CLANG_WARN_BLOCK_CAPTURE_AUTORELEASING = YES;
				CLANG_WARN_BOOL_CONVERSION = YES;
				CLANG_WARN_COMMA = YES;
				CLANG_WARN_CONSTANT_CONVERSION = YES;
				CLANG_WARN_DEPRECATED_OBJC_IMPLEMENTATIONS = YES;
				CLANG_WARN_DIRECT_OBJC_ISA_USAGE = YES_ERROR;
				CLANG_WARN_DOCUMENTATION_COMMENTS = YES;
				CLANG_WARN_EMPTY_BODY = YES;
				CLANG_WARN_ENUM_CONVERSION = YES;
				CLANG_WARN_INFINITE_RECURSION = YES;
				CLANG_WARN_INT_CONVERSION = YES;
				CLANG_WARN_NON_LITERAL_NULL_CONVERSION = YES;
				CLANG_WARN_OBJC_IMPLICIT_RETAIN_SELF = YES;
				CLANG_WARN_OBJC_LITERAL_CONVERSION = YES;
				CLANG_WARN_OBJC_ROOT_CLASS = YES_ERROR;
				CLANG_WARN_QUOTED_INCLUDE_IN_FRAMEWORK_HEADER = YES;
				CLANG_WARN_RANGE_LOOP_ANALYSIS = YES;
				CLANG_WARN_STRICT_PROTOTYPES = YES;
				CLANG_WARN_SUSPICIOUS_MOVE = YES;
				CLANG_WARN_UNGUARDED_AVAILABILITY = YES_AGGRESSIVE;
				CLANG_WARN_UNREACHABLE_CODE = YES;
				CLANG_WARN__DUPLICATE_METHOD_MATCH = YES;
				COPY_PHASE_STRIP = NO;
				DEBUG_INFORMATION_FORMAT = dwarf;
				ENABLE_STRICT_OBJC_MSGSEND = YES;
				ENABLE_TESTABILITY = YES;
				GCC_C_LANGUAGE_STANDARD = gnu11;
				GCC_DYNAMIC_NO_PIC = NO;
				GCC_NO_COMMON_BLOCKS = YES;
				GCC_OPTIMIZATION_LEVEL = 0;
				GCC_PREPROCESSOR_DEFINITIONS = (
					"DEBUG=1",
					"$(inherited)",
				);
				GCC_WARN_64_TO_32_BIT_CONVERSION = YES;
				GCC_WARN_ABOUT_RETURN_TYPE = YES_ERROR;
				GCC_WARN_UNDECLARED_SELECTOR = YES;
				GCC_WARN_UNINITIALIZED_AUTOS = YES_AGGRESSIVE;
				GCC_WARN_UNUSED_FUNCTION = YES;
				GCC_WARN_UNUSED_VARIABLE = YES;
				IPHONEOS_DEPLOYMENT_TARGET = 15.0;
				MTL_ENABLE_DEBUG_INFO = INCLUDE_SOURCE;
				MTL_FAST_MATH = YES;
				ONLY_ACTIVE_ARCH = YES;
				SDKROOT = iphoneos;
			};
			name = Debug;
		};
		6BA2441F273D0B3D00B1C694 /* Release */ = {
			isa = XCBuildConfiguration;
			buildSettings = {
				ALWAYS_SEARCH_USER_PATHS = NO;
				CLANG_ANALYZER_NONNULL = YES;
				CLANG_ANALYZER_NUMBER_OBJECT_CONVERSION = YES_AGGRESSIVE;
				CLANG_CXX_LANGUAGE_STANDARD = "gnu++17";
				CLANG_CXX_LIBRARY = "libc++";
				CLANG_ENABLE_MODULES = YES;
				CLANG_ENABLE_OBJC_ARC = YES;
				CLANG_ENABLE_OBJC_WEAK = YES;
				CLANG_WARN_BLOCK_CAPTURE_AUTORELEASING = YES;
				CLANG_WARN_BOOL_CONVERSION = YES;
				CLANG_WARN_COMMA = YES;
				CLANG_WARN_CONSTANT_CONVERSION = YES;
				CLANG_WARN_DEPRECATED_OBJC_IMPLEMENTATIONS = YES;
				CLANG_WARN_DIRECT_OBJC_ISA_USAGE = YES_ERROR;
				CLANG_WARN_DOCUMENTATION_COMMENTS = YES;
				CLANG_WARN_EMPTY_BODY = YES;
				CLANG_WARN_ENUM_CONVERSION = YES;
				CLANG_WARN_INFINITE_RECURSION = YES;
				CLANG_WARN_INT_CONVERSION = YES;
				CLANG_WARN_NON_LITERAL_NULL_CONVERSION = YES;
				CLANG_WARN_OBJC_IMPLICIT_RETAIN_SELF = YES;
				CLANG_WARN_OBJC_LITERAL_CONVERSION = YES;
				CLANG_WARN_OBJC_ROOT_CLASS = YES_ERROR;
				CLANG_WARN_QUOTED_INCLUDE_IN_FRAMEWORK_HEADER = YES;
				CLANG_WARN_RANGE_LOOP_ANALYSIS = YES;
				CLANG_WARN_STRICT_PROTOTYPES = YES;
				CLANG_WARN_SUSPICIOUS_MOVE = YES;
				CLANG_WARN_UNGUARDED_AVAILABILITY = YES_AGGRESSIVE;
				CLANG_WARN_UNREACHABLE_CODE = YES;
				CLANG_WARN__DUPLICATE_METHOD_MATCH = YES;
				COPY_PHASE_STRIP = NO;
				DEBUG_INFORMATION_FORMAT = "dwarf-with-dsym";
				ENABLE_NS_ASSERTIONS = NO;
				ENABLE_STRICT_OBJC_MSGSEND = YES;
				GCC_C_LANGUAGE_STANDARD = gnu11;
				GCC_NO_COMMON_BLOCKS = YES;
				GCC_WARN_64_TO_32_BIT_CONVERSION = YES;
				GCC_WARN_ABOUT_RETURN_TYPE = YES_ERROR;
				GCC_WARN_UNDECLARED_SELECTOR = YES;
				GCC_WARN_UNINITIALIZED_AUTOS = YES_AGGRESSIVE;
				GCC_WARN_UNUSED_FUNCTION = YES;
				GCC_WARN_UNUSED_VARIABLE = YES;
				IPHONEOS_DEPLOYMENT_TARGET = 15.0;
				MTL_ENABLE_DEBUG_INFO = NO;
				MTL_FAST_MATH = YES;
				SDKROOT = iphoneos;
				VALIDATE_PRODUCT = YES;
			};
			name = Release;
		};
		6BA24421273D0B3D00B1C694 /* Debug */ = {
			isa = XCBuildConfiguration;
			buildSettings = {
				ASSETCATALOG_COMPILER_APPICON_NAME = AppIcon;
				ASSETCATALOG_COMPILER_GLOBAL_ACCENT_COLOR_NAME = AccentColor;
				CODE_SIGN_STYLE = Automatic;
				CURRENT_PROJECT_VERSION = 1;
				DEVELOPMENT_TEAM = Y976JSKA5V;
				GENERATE_INFOPLIST_FILE = YES;
				INFOPLIST_FILE = MyPod/Info.plist;
				INFOPLIST_KEY_UIApplicationSupportsIndirectInputEvents = YES;
				INFOPLIST_KEY_UILaunchStoryboardName = LaunchScreen;
				INFOPLIST_KEY_UIMainStoryboardFile = Main;
				INFOPLIST_KEY_UISupportedInterfaceOrientations_iPad = "UIInterfaceOrientationPortrait UIInterfaceOrientationPortraitUpsideDown UIInterfaceOrientationLandscapeLeft UIInterfaceOrientationLandscapeRight";
				INFOPLIST_KEY_UISupportedInterfaceOrientations_iPhone = "UIInterfaceOrientationPortrait UIInterfaceOrientationLandscapeLeft UIInterfaceOrientationLandscapeRight";
				LD_RUNPATH_SEARCH_PATHS = (
					"$(inherited)",
					"@executable_path/Frameworks",
				);
				MARKETING_VERSION = 1.0;
				PRODUCT_BUNDLE_IDENTIFIER = com.xiejie.MyPod;
				PRODUCT_NAME = "$(TARGET_NAME)";
				SWIFT_EMIT_LOC_STRINGS = YES;
				TARGETED_DEVICE_FAMILY = "1,2";
			};
			name = Debug;
		};
		6BA24422273D0B3D00B1C694 /* Release */ = {
			isa = XCBuildConfiguration;
			buildSettings = {
				ASSETCATALOG_COMPILER_APPICON_NAME = AppIcon;
				ASSETCATALOG_COMPILER_GLOBAL_ACCENT_COLOR_NAME = AccentColor;
				CODE_SIGN_STYLE = Automatic;
				CURRENT_PROJECT_VERSION = 1;
				DEVELOPMENT_TEAM = Y976JSKA5V;
				GENERATE_INFOPLIST_FILE = YES;
				INFOPLIST_FILE = MyPod/Info.plist;
				INFOPLIST_KEY_UIApplicationSupportsIndirectInputEvents = YES;
				INFOPLIST_KEY_UILaunchStoryboardName = LaunchScreen;
				INFOPLIST_KEY_UIMainStoryboardFile = Main;
				INFOPLIST_KEY_UISupportedInterfaceOrientations_iPad = "UIInterfaceOrientationPortrait UIInterfaceOrientationPortraitUpsideDown UIInterfaceOrientationLandscapeLeft UIInterfaceOrientationLandscapeRight";
				INFOPLIST_KEY_UISupportedInterfaceOrientations_iPhone = "UIInterfaceOrientationPortrait UIInterfaceOrientationLandscapeLeft UIInterfaceOrientationLandscapeRight";
				LD_RUNPATH_SEARCH_PATHS = (
					"$(inherited)",
					"@executable_path/Frameworks",
				);
				MARKETING_VERSION = 1.0;
				PRODUCT_BUNDLE_IDENTIFIER = com.xiejie.MyPod;
				PRODUCT_NAME = "$(TARGET_NAME)";
				SWIFT_EMIT_LOC_STRINGS = YES;
				TARGETED_DEVICE_FAMILY = "1,2";
			};
			name = Release;
		};
		6BA24424273D0B3D00B1C694 /* Debug */ = {
			isa = XCBuildConfiguration;
			buildSettings = {
				BUNDLE_LOADER = "$(TEST_HOST)";
				CODE_SIGN_STYLE = Automatic;
				CURRENT_PROJECT_VERSION = 1;
				DEVELOPMENT_TEAM = Y976JSKA5V;
				GENERATE_INFOPLIST_FILE = YES;
				IPHONEOS_DEPLOYMENT_TARGET = 15.0;
				LD_RUNPATH_SEARCH_PATHS = (
					"$(inherited)",
					"@executable_path/Frameworks",
					"@loader_path/Frameworks",
				);
				MARKETING_VERSION = 1.0;
				PRODUCT_BUNDLE_IDENTIFIER = com.xiejie.MyPodTests;
				PRODUCT_NAME = "$(TARGET_NAME)";
				SWIFT_EMIT_LOC_STRINGS = NO;
				TARGETED_DEVICE_FAMILY = "1,2";
				TEST_HOST = "$(BUILT_PRODUCTS_DIR)/MyPod.app/MyPod";
			};
			name = Debug;
		};
		6BA24425273D0B3D00B1C694 /* Release */ = {
			isa = XCBuildConfiguration;
			buildSettings = {
				BUNDLE_LOADER = "$(TEST_HOST)";
				CODE_SIGN_STYLE = Automatic;
				CURRENT_PROJECT_VERSION = 1;
				DEVELOPMENT_TEAM = Y976JSKA5V;
				GENERATE_INFOPLIST_FILE = YES;
				IPHONEOS_DEPLOYMENT_TARGET = 15.0;
				LD_RUNPATH_SEARCH_PATHS = (
					"$(inherited)",
					"@executable_path/Frameworks",
					"@loader_path/Frameworks",
				);
				MARKETING_VERSION = 1.0;
				PRODUCT_BUNDLE_IDENTIFIER = com.xiejie.MyPodTests;
				PRODUCT_NAME = "$(TARGET_NAME)";
				SWIFT_EMIT_LOC_STRINGS = NO;
				TARGETED_DEVICE_FAMILY = "1,2";
				TEST_HOST = "$(BUILT_PRODUCTS_DIR)/MyPod.app/MyPod";
			};
			name = Release;
		};
		6BA24427273D0B3D00B1C694 /* Debug */ = {
			isa = XCBuildConfiguration;
			buildSettings = {
				CODE_SIGN_STYLE = Automatic;
				CURRENT_PROJECT_VERSION = 1;
				DEVELOPMENT_TEAM = Y976JSKA5V;
				GENERATE_INFOPLIST_FILE = YES;
				LD_RUNPATH_SEARCH_PATHS = (
					"$(inherited)",
					"@executable_path/Frameworks",
					"@loader_path/Frameworks",
				);
				MARKETING_VERSION = 1.0;
				PRODUCT_BUNDLE_IDENTIFIER = com.xiejie.MyPodUITests;
				PRODUCT_NAME = "$(TARGET_NAME)";
				SWIFT_EMIT_LOC_STRINGS = NO;
				TARGETED_DEVICE_FAMILY = "1,2";
				TEST_TARGET_NAME = MyPod;
			};
			name = Debug;
		};
		6BA24428273D0B3D00B1C694 /* Release */ = {
			isa = XCBuildConfiguration;
			buildSettings = {
				CODE_SIGN_STYLE = Automatic;
				CURRENT_PROJECT_VERSION = 1;
				DEVELOPMENT_TEAM = Y976JSKA5V;
				GENERATE_INFOPLIST_FILE = YES;
				LD_RUNPATH_SEARCH_PATHS = (
					"$(inherited)",
					"@executable_path/Frameworks",
					"@loader_path/Frameworks",
				);
				MARKETING_VERSION = 1.0;
				PRODUCT_BUNDLE_IDENTIFIER = com.xiejie.MyPodUITests;
				PRODUCT_NAME = "$(TARGET_NAME)";
				SWIFT_EMIT_LOC_STRINGS = NO;
				TARGETED_DEVICE_FAMILY = "1,2";
				TEST_TARGET_NAME = MyPod;
			};
			name = Release;
		};
/* End XCBuildConfiguration section */

/* Begin XCConfigurationList section */
		6BA243EC273D0B3B00B1C694 /* Build configuration list for PBXProject "MyPod" */ = {
			isa = XCConfigurationList;
			buildConfigurations = (
				6BA2441E273D0B3D00B1C694 /* Debug */,
				6BA2441F273D0B3D00B1C694 /* Release */,
			);
			defaultConfigurationIsVisible = 0;
			defaultConfigurationName = Release;
		};
		6BA24420273D0B3D00B1C694 /* Build configuration list for PBXNativeTarget "MyPod" */ = {
			isa = XCConfigurationList;
			buildConfigurations = (
				6BA24421273D0B3D00B1C694 /* Debug */,
				6BA24422273D0B3D00B1C694 /* Release */,
			);
			defaultConfigurationIsVisible = 0;
			defaultConfigurationName = Release;
		};
		6BA24423273D0B3D00B1C694 /* Build configuration list for PBXNativeTarget "MyPodTests" */ = {
			isa = XCConfigurationList;
			buildConfigurations = (
				6BA24424273D0B3D00B1C694 /* Debug */,
				6BA24425273D0B3D00B1C694 /* Release */,
			);
			defaultConfigurationIsVisible = 0;
			defaultConfigurationName = Release;
		};
		6BA24426273D0B3D00B1C694 /* Build configuration list for PBXNativeTarget "MyPodUITests" */ = {
			isa = XCConfigurationList;
			buildConfigurations = (
				6BA24427273D0B3D00B1C694 /* Debug */,
				6BA24428273D0B3D00B1C694 /* Release */,
			);
			defaultConfigurationIsVisible = 0;
			defaultConfigurationName = Release;
		};
/* End XCConfigurationList section */
	};
	rootObject = 6BA243E9273D0B3B00B1C694 /* Project object */;
}
